
Microsoft Visual Studio Solution File, Format Version 12.00
# Visual Studio Version 17
VisualStudioVersion = 17.4.33213.308
MinimumVisualStudioVersion = 10.0.40219.1
Project("{FAE04EC0-301F-11D3-BF4B-00C04F79EFBC}") = "Zadanie1", "Zadanie1\Zadanie1.csproj", "{99FF1A3D-2ABB-48FD-8D9B-9A81F3A7B0B4}"
EndProject
Project("{FAE04EC0-301F-11D3-BF4B-00C04F79EFBC}") = "Zadanie6", "Zadanie6\Zadanie6.csproj", "{F6512310-F690-4732-AEA5-1E6C9540E079}"
EndProject
Project("{FAE04EC0-301F-11D3-BF4B-00C04F79EFBC}") = "Zadanie5", "Zadanie5\Zadanie5.csproj", "{E5EDCF07-4E34-4C18-ABA0-B3B93FD4CA64}"
EndProject
Project("{FAE04EC0-301F-11D3-BF4B-00C04F79EFBC}") = "Zadanie2", "Zadanie2\Zadanie2.csproj", "{C0A4EBE2-1C29-4A3C-BE14-91365214A329}"
EndProject
Project("{FAE04EC0-301F-11D3-BF4B-00C04F79EFBC}") = "Zadanie3", "Zadanie3\Zadanie3.csproj", "{457217B4-BFCA-4C5B-971F-E4A65B96858B}"
EndProject
Project("{FAE04EC0-301F-11D3-BF4B-00C04F79EFBC}") = "Zadanie4", "Zadanie4\Zadanie4.csproj", "{CA2885F0-9819-460D-9661-5D37D35AF9AD}"
EndProject
Global
	GlobalSection(SolutionConfigurationPlatforms) = preSolution
		Debug|Any CPU = Debug|Any CPU
		Release|Any CPU = Release|Any CPU
	EndGlobalSection
	GlobalSection(ProjectConfigurationPlatforms) = postSolution
		{99FF1A3D-2ABB-48FD-8D9B-9A81F3A7B0B4}.Debug|Any CPU.ActiveCfg = Debug|Any CPU
		{99FF1A3D-2ABB-48FD-8D9B-9A81F3A7B0B4}.Debug|Any CPU.Build.0 = Debug|Any CPU
		{99FF1A3D-2ABB-48FD-8D9B-9A81F3A7B0B4}.Release|Any CPU.ActiveCfg = Release|Any CPU
		{99FF1A3D-2ABB-48FD-8D9B-9A81F3A7B0B4}.Release|Any CPU.Build.0 = Release|Any CPU
		{F6512310-F690-4732-AEA5-1E6C9540E079}.Debug|Any CPU.ActiveCfg = Debug|Any CPU
		{F6512310-F690-4732-AEA5-1E6C9540E079}.Debug|Any CPU.Build.0 = Debug|Any CPU
		{F6512310-F690-4732-AEA5-1E6C9540E079}.Release|Any CPU.ActiveCfg = Release|Any CPU
		{F6512310-F690-4732-AEA5-1E6C9540E079}.Release|Any CPU.Build.0 = Release|Any CPU
		{E5EDCF07-4E34-4C18-ABA0-B3B93FD4CA64}.Debug|Any CPU.ActiveCfg = Debug|Any CPU
		{E5EDCF07-4E34-4C18-ABA0-B3B93FD4CA64}.Debug|Any CPU.Build.0 = Debug|Any CPU
		{E5EDCF07-4E34-4C18-ABA0-B3B93FD4CA64}.Release|Any CPU.ActiveCfg = Release|Any CPU
		{E5EDCF07-4E34-4C18-ABA0-B3B93FD4CA64}.Release|Any CPU.Build.0 = Release|Any CPU
		{C0A4EBE2-1C29-4A3C-BE14-91365214A329}.Debug|Any CPU.ActiveCfg = Debug|Any CPU
		{C0A4EBE2-1C29-4A3C-BE14-91365214A329}.Debug|Any CPU.Build.0 = Debug|Any CPU
		{C0A4EBE2-1C29-4A3C-BE14-91365214A329}.Release|Any CPU.ActiveCfg = Release|Any CPU
		{C0A4EBE2-1C29-4A3C-BE14-91365214A329}.Release|Any CPU.Build.0 = Release|Any CPU
		{457217B4-BFCA-4C5B-971F-E4A65B96858B}.Debug|Any CPU.ActiveCfg = Debug|Any CPU
		{457217B4-BFCA-4C5B-971F-E4A65B96858B}.Debug|Any CPU.Build.0 = Debug|Any CPU
		{457217B4-BFCA-4C5B-971F-E4A65B96858B}.Release|Any CPU.ActiveCfg = Release|Any CPU
		{457217B4-BFCA-4C5B-971F-E4A65B96858B}.Release|Any CPU.Build.0 = Release|Any CPU
		{CA2885F0-9819-460D-9661-5D37D35AF9AD}.Debug|Any CPU.ActiveCfg = Debug|Any CPU
		{CA2885F0-9819-460D-9661-5D37D35AF9AD}.Debug|Any CPU.Build.0 = Debug|Any CPU
		{CA2885F0-9819-460D-9661-5D37D35AF9AD}.Release|Any CPU.ActiveCfg = Release|Any CPU
		{CA2885F0-9819-460D-9661-5D37D35AF9AD}.Release|Any CPU.Build.0 = Release|Any CPU
	EndGlobalSection
	GlobalSection(SolutionProperties) = preSolution
		HideSolutionNode = FALSE
	EndGlobalSection
	GlobalSection(ExtensibilityGlobals) = postSolution
		SolutionGuid = {FE2F95BC-45EA-49D4-BE97-99CA8854D819}
	EndGlobalSection
EndGlobal
